{
  "object": {
    "pins": [
      {
        "package": "Mocker",
        "repositoryURL": "https://github.com/WeTransfer/Mocker.git",
        "state": {
          "branch": null,
          "revision": "5b270d79f39f6628f4c87752f7470ba640e09cba",
          "version": "2.5.6"
        }
      }
    ]
  },
  "version": 1
}
